
Microsoft Visual Studio Solution File, Format Version 12.00
# Visual Studio 15
VisualStudioVersion = 15.0.27703.2035
MinimumVisualStudioVersion = 10.0.40219.1
Project("{FAE04EC0-301F-11D3-BF4B-00C04F79EFBC}") = "Microservices.UI", "Microservices.UI\Microservices.UI.csproj", "{6CB7668E-28F8-4F8D-A88D-E32A7F471CBF}"
EndProject
Project("{FAE04EC0-301F-11D3-BF4B-00C04F79EFBC}") = "Microservices.UI.Contracts", "Microservices.UI.Contracts\Microservices.UI.Contracts.csproj", "{B4834F4B-BE74-42BC-83ED-6AD74FBB2AFF}"
EndProject
Global
	GlobalSection(SolutionConfigurationPlatforms) = preSolution
		Debug|Any CPU = Debug|Any CPU
		Release|Any CPU = Release|Any CPU
	EndGlobalSection
	GlobalSection(ProjectConfigurationPlatforms) = postSolution
		{6CB7668E-28F8-4F8D-A88D-E32A7F471CBF}.Debug|Any CPU.ActiveCfg = Debug|Any CPU
		{6CB7668E-28F8-4F8D-A88D-E32A7F471CBF}.Debug|Any CPU.Build.0 = Debug|Any CPU
		{6CB7668E-28F8-4F8D-A88D-E32A7F471CBF}.Release|Any CPU.ActiveCfg = Release|Any CPU
		{6CB7668E-28F8-4F8D-A88D-E32A7F471CBF}.Release|Any CPU.Build.0 = Release|Any CPU
		{B4834F4B-BE74-42BC-83ED-6AD74FBB2AFF}.Debug|Any CPU.ActiveCfg = Debug|Any CPU
		{B4834F4B-BE74-42BC-83ED-6AD74FBB2AFF}.Debug|Any CPU.Build.0 = Debug|Any CPU
		{B4834F4B-BE74-42BC-83ED-6AD74FBB2AFF}.Release|Any CPU.ActiveCfg = Release|Any CPU
		{B4834F4B-BE74-42BC-83ED-6AD74FBB2AFF}.Release|Any CPU.Build.0 = Release|Any CPU
	EndGlobalSection
	GlobalSection(SolutionProperties) = preSolution
		HideSolutionNode = FALSE
	EndGlobalSection
	GlobalSection(ExtensibilityGlobals) = postSolution
		SolutionGuid = {38692465-8F93-4CC8-9ADF-ECDA424498AA}
	EndGlobalSection
EndGlobal
