
Microsoft Visual Studio Solution File, Format Version 12.00
# Visual Studio 15
VisualStudioVersion = 15.0.27130.2024
MinimumVisualStudioVersion = 10.0.40219.1
Project("{9A19103F-16F7-4668-BE54-9A1E7A4F7556}") = "GeekBurger-HTML", "GeekBurger-HTML\GeekBurger-HTML.csproj", "{D96F7AC6-BE0C-493F-BF2F-A6F5C475D6FB}"
EndProject
Global
	GlobalSection(SolutionConfigurationPlatforms) = preSolution
		Debug|Any CPU = Debug|Any CPU
		Release|Any CPU = Release|Any CPU
	EndGlobalSection
	GlobalSection(ProjectConfigurationPlatforms) = postSolution
		{D96F7AC6-BE0C-493F-BF2F-A6F5C475D6FB}.Debug|Any CPU.ActiveCfg = Debug|Any CPU
		{D96F7AC6-BE0C-493F-BF2F-A6F5C475D6FB}.Debug|Any CPU.Build.0 = Debug|Any CPU
		{D96F7AC6-BE0C-493F-BF2F-A6F5C475D6FB}.Release|Any CPU.ActiveCfg = Release|Any CPU
		{D96F7AC6-BE0C-493F-BF2F-A6F5C475D6FB}.Release|Any CPU.Build.0 = Release|Any CPU
	EndGlobalSection
	GlobalSection(SolutionProperties) = preSolution
		HideSolutionNode = FALSE
	EndGlobalSection
	GlobalSection(ExtensibilityGlobals) = postSolution
		SolutionGuid = {9323274C-8B59-4EF6-A7B2-B85F46F295A1}
	EndGlobalSection
EndGlobal
